
Microsoft Visual Studio Solution File, Format Version 12.00
# Visual Studio Version 16
VisualStudioVersion = 16.0.29306.81
MinimumVisualStudioVersion = 10.0.40219.1
Project("{FAE04EC0-301F-11D3-BF4B-00C04F79EFBC}") = "iqlaa3.UWP", "iqlaa3\iqlaa3.UWP\iqlaa3.UWP.csproj", "{79459247-1F14-4417-9AFC-97232B4A12B6}"
EndProject
Project("{FAE04EC0-301F-11D3-BF4B-00C04F79EFBC}") = "iqlaa3.Android", "iqlaa3\iqlaa3.Android\iqlaa3.Android.csproj", "{7A208993-4D83-4217-97F2-D473FC4D51D0}"
EndProject
Project("{FAE04EC0-301F-11D3-BF4B-00C04F79EFBC}") = "iqlaa3.iOS", "iqlaa3\iqlaa3.iOS\iqlaa3.iOS.csproj", "{B2511DC1-F8BE-4443-BE8C-C3D40CAB770F}"
EndProject
Project("{FAE04EC0-301F-11D3-BF4B-00C04F79EFBC}") = "iqlaa3", "iqlaa3\iqlaa3\iqlaa3.csproj", "{DBE4DBD0-869C-428C-A539-154DCD1A3B0B}"
EndProject
Global
	GlobalSection(SolutionConfigurationPlatforms) = preSolution
		Debug|Any CPU = Debug|Any CPU
		Debug|ARM = Debug|ARM
		Debug|iPhone = Debug|iPhone
		Debug|iPhoneSimulator = Debug|iPhoneSimulator
		Debug|x64 = Debug|x64
		Debug|x86 = Debug|x86
		Release|Any CPU = Release|Any CPU
		Release|ARM = Release|ARM
		Release|iPhone = Release|iPhone
		Release|iPhoneSimulator = Release|iPhoneSimulator
		Release|x64 = Release|x64
		Release|x86 = Release|x86
	EndGlobalSection
	GlobalSection(ProjectConfigurationPlatforms) = postSolution
		{79459247-1F14-4417-9AFC-97232B4A12B6}.Debug|Any CPU.ActiveCfg = Debug|x86
		{79459247-1F14-4417-9AFC-97232B4A12B6}.Debug|Any CPU.Build.0 = Debug|x86
		{79459247-1F14-4417-9AFC-97232B4A12B6}.Debug|Any CPU.Deploy.0 = Debug|x86
		{79459247-1F14-4417-9AFC-97232B4A12B6}.Debug|ARM.ActiveCfg = Debug|ARM
		{79459247-1F14-4417-9AFC-97232B4A12B6}.Debug|ARM.Build.0 = Debug|ARM
		{79459247-1F14-4417-9AFC-97232B4A12B6}.Debug|ARM.Deploy.0 = Debug|ARM
		{79459247-1F14-4417-9AFC-97232B4A12B6}.Debug|iPhone.ActiveCfg = Debug|x86
		{79459247-1F14-4417-9AFC-97232B4A12B6}.Debug|iPhone.Build.0 = Debug|x86
		{79459247-1F14-4417-9AFC-97232B4A12B6}.Debug|iPhone.Deploy.0 = Debug|x86
		{79459247-1F14-4417-9AFC-97232B4A12B6}.Debug|iPhoneSimulator.ActiveCfg = Debug|x86
		{79459247-1F14-4417-9AFC-97232B4A12B6}.Debug|iPhoneSimulator.Build.0 = Debug|x86
		{79459247-1F14-4417-9AFC-97232B4A12B6}.Debug|iPhoneSimulator.Deploy.0 = Debug|x86
		{79459247-1F14-4417-9AFC-97232B4A12B6}.Debug|x64.ActiveCfg = Debug|x64
		{79459247-1F14-4417-9AFC-97232B4A12B6}.Debug|x64.Build.0 = Debug|x64
		{79459247-1F14-4417-9AFC-97232B4A12B6}.Debug|x64.Deploy.0 = Debug|x64
		{79459247-1F14-4417-9AFC-97232B4A12B6}.Debug|x86.ActiveCfg = Debug|x86
		{79459247-1F14-4417-9AFC-97232B4A12B6}.Debug|x86.Build.0 = Debug|x86
		{79459247-1F14-4417-9AFC-97232B4A12B6}.Debug|x86.Deploy.0 = Debug|x86
		{79459247-1F14-4417-9AFC-97232B4A12B6}.Release|Any CPU.ActiveCfg = Release|x86
		{79459247-1F14-4417-9AFC-97232B4A12B6}.Release|Any CPU.Build.0 = Release|x86
		{79459247-1F14-4417-9AFC-97232B4A12B6}.Release|Any CPU.Deploy.0 = Release|x86
		{79459247-1F14-4417-9AFC-97232B4A12B6}.Release|ARM.ActiveCfg = Release|ARM
		{79459247-1F14-4417-9AFC-97232B4A12B6}.Release|ARM.Build.0 = Release|ARM
		{79459247-1F14-4417-9AFC-97232B4A12B6}.Release|ARM.Deploy.0 = Release|ARM
		{79459247-1F14-4417-9AFC-97232B4A12B6}.Release|iPhone.ActiveCfg = Release|x86
		{79459247-1F14-4417-9AFC-97232B4A12B6}.Release|iPhone.Build.0 = Release|x86
		{79459247-1F14-4417-9AFC-97232B4A12B6}.Release|iPhone.Deploy.0 = Release|x86
		{79459247-1F14-4417-9AFC-97232B4A12B6}.Release|iPhoneSimulator.ActiveCfg = Release|x86
		{79459247-1F14-4417-9AFC-97232B4A12B6}.Release|iPhoneSimulator.Build.0 = Release|x86
		{79459247-1F14-4417-9AFC-97232B4A12B6}.Release|iPhoneSimulator.Deploy.0 = Release|x86
		{79459247-1F14-4417-9AFC-97232B4A12B6}.Release|x64.ActiveCfg = Release|x64
		{79459247-1F14-4417-9AFC-97232B4A12B6}.Release|x64.Build.0 = Release|x64
		{79459247-1F14-4417-9AFC-97232B4A12B6}.Release|x64.Deploy.0 = Release|x64
		{79459247-1F14-4417-9AFC-97232B4A12B6}.Release|x86.ActiveCfg = Release|x86
		{79459247-1F14-4417-9AFC-97232B4A12B6}.Release|x86.Build.0 = Release|x86
		{79459247-1F14-4417-9AFC-97232B4A12B6}.Release|x86.Deploy.0 = Release|x86
		{7A208993-4D83-4217-97F2-D473FC4D51D0}.Debug|Any CPU.ActiveCfg = Debug|Any CPU
		{7A208993-4D83-4217-97F2-D473FC4D51D0}.Debug|Any CPU.Build.0 = Debug|Any CPU
		{7A208993-4D83-4217-97F2-D473FC4D51D0}.Debug|Any CPU.Deploy.0 = Debug|Any CPU
		{7A208993-4D83-4217-97F2-D473FC4D51D0}.Debug|ARM.ActiveCfg = Debug|Any CPU
		{7A208993-4D83-4217-97F2-D473FC4D51D0}.Debug|ARM.Build.0 = Debug|Any CPU
		{7A208993-4D83-4217-97F2-D473FC4D51D0}.Debug|ARM.Deploy.0 = Debug|Any CPU
		{7A208993-4D83-4217-97F2-D473FC4D51D0}.Debug|iPhone.ActiveCfg = Debug|Any CPU
		{7A208993-4D83-4217-97F2-D473FC4D51D0}.Debug|iPhone.Build.0 = Debug|Any CPU
		{7A208993-4D83-4217-97F2-D473FC4D51D0}.Debug|iPhone.Deploy.0 = Debug|Any CPU
		{7A208993-4D83-4217-97F2-D473FC4D51D0}.Debug|iPhoneSimulator.ActiveCfg = Debug|Any CPU
		{7A208993-4D83-4217-97F2-D473FC4D51D0}.Debug|iPhoneSimulator.Build.0 = Debug|Any CPU
		{7A208993-4D83-4217-97F2-D473FC4D51D0}.Debug|iPhoneSimulator.Deploy.0 = Debug|Any CPU
		{7A208993-4D83-4217-97F2-D473FC4D51D0}.Debug|x64.ActiveCfg = Debug|Any CPU
		{7A208993-4D83-4217-97F2-D473FC4D51D0}.Debug|x64.Build.0 = Debug|Any CPU
		{7A208993-4D83-4217-97F2-D473FC4D51D0}.Debug|x64.Deploy.0 = Debug|Any CPU
		{7A208993-4D83-4217-97F2-D473FC4D51D0}.Debug|x86.ActiveCfg = Debug|Any CPU
		{7A208993-4D83-4217-97F2-D473FC4D51D0}.Debug|x86.Build.0 = Debug|Any CPU
		{7A208993-4D83-4217-97F2-D473FC4D51D0}.Debug|x86.Deploy.0 = Debug|Any CPU
		{7A208993-4D83-4217-97F2-D473FC4D51D0}.Release|Any CPU.ActiveCfg = Release|Any CPU
		{7A208993-4D83-4217-97F2-D473FC4D51D0}.Release|Any CPU.Build.0 = Release|Any CPU
		{7A208993-4D83-4217-97F2-D473FC4D51D0}.Release|Any CPU.Deploy.0 = Release|Any CPU
		{7A208993-4D83-4217-97F2-D473FC4D51D0}.Release|ARM.ActiveCfg = Release|Any CPU
		{7A208993-4D83-4217-97F2-D473FC4D51D0}.Release|ARM.Build.0 = Release|Any CPU
		{7A208993-4D83-4217-97F2-D473FC4D51D0}.Release|ARM.Deploy.0 = Release|Any CPU
		{7A208993-4D83-4217-97F2-D473FC4D51D0}.Release|iPhone.ActiveCfg = Release|Any CPU
		{7A208993-4D83-4217-97F2-D473FC4D51D0}.Release|iPhone.Build.0 = Release|Any CPU
		{7A208993-4D83-4217-97F2-D473FC4D51D0}.Release|iPhone.Deploy.0 = Release|Any CPU
		{7A208993-4D83-4217-97F2-D473FC4D51D0}.Release|iPhoneSimulator.ActiveCfg = Release|Any CPU
		{7A208993-4D83-4217-97F2-D473FC4D51D0}.Release|iPhoneSimulator.Build.0 = Release|Any CPU
		{7A208993-4D83-4217-97F2-D473FC4D51D0}.Release|iPhoneSimulator.Deploy.0 = Release|Any CPU
		{7A208993-4D83-4217-97F2-D473FC4D51D0}.Release|x64.ActiveCfg = Release|Any CPU
		{7A208993-4D83-4217-97F2-D473FC4D51D0}.Release|x64.Build.0 = Release|Any CPU
		{7A208993-4D83-4217-97F2-D473FC4D51D0}.Release|x64.Deploy.0 = Release|Any CPU
		{7A208993-4D83-4217-97F2-D473FC4D51D0}.Release|x86.ActiveCfg = Release|Any CPU
		{7A208993-4D83-4217-97F2-D473FC4D51D0}.Release|x86.Build.0 = Release|Any CPU
		{7A208993-4D83-4217-97F2-D473FC4D51D0}.Release|x86.Deploy.0 = Release|Any CPU
		{B2511DC1-F8BE-4443-BE8C-C3D40CAB770F}.Debug|Any CPU.ActiveCfg = Debug|iPhone
		{B2511DC1-F8BE-4443-BE8C-C3D40CAB770F}.Debug|Any CPU.Build.0 = Debug|iPhone
		{B2511DC1-F8BE-4443-BE8C-C3D40CAB770F}.Debug|Any CPU.Deploy.0 = Debug|iPhone
		{B2511DC1-F8BE-4443-BE8C-C3D40CAB770F}.Debug|ARM.ActiveCfg = Debug|iPhoneSimulator
		{B2511DC1-F8BE-4443-BE8C-C3D40CAB770F}.Debug|ARM.Build.0 = Debug|iPhoneSimulator
		{B2511DC1-F8BE-4443-BE8C-C3D40CAB770F}.Debug|ARM.Deploy.0 = Debug|iPhoneSimulator
		{B2511DC1-F8BE-4443-BE8C-C3D40CAB770F}.Debug|iPhone.ActiveCfg = Debug|iPhone
		{B2511DC1-F8BE-4443-BE8C-C3D40CAB770F}.Debug|iPhone.Build.0 = Debug|iPhone
		{B2511DC1-F8BE-4443-BE8C-C3D40CAB770F}.Debug|iPhone.Deploy.0 = Debug|iPhone
		{B2511DC1-F8BE-4443-BE8C-C3D40CAB770F}.Debug|iPhoneSimulator.ActiveCfg = Debug|iPhoneSimulator
		{B2511DC1-F8BE-4443-BE8C-C3D40CAB770F}.Debug|iPhoneSimulator.Build.0 = Debug|iPhoneSimulator
		{B2511DC1-F8BE-4443-BE8C-C3D40CAB770F}.Debug|iPhoneSimulator.Deploy.0 = Debug|iPhoneSimulator
		{B2511DC1-F8BE-4443-BE8C-C3D40CAB770F}.Debug|x64.ActiveCfg = Debug|iPhone
		{B2511DC1-F8BE-4443-BE8C-C3D40CAB770F}.Debug|x64.Build.0 = Debug|iPhone
		{B2511DC1-F8BE-4443-BE8C-C3D40CAB770F}.Debug|x64.Deploy.0 = Debug|iPhone
		{B2511DC1-F8BE-4443-BE8C-C3D40CAB770F}.Debug|x86.ActiveCfg = Debug|iPhone
		{B2511DC1-F8BE-4443-BE8C-C3D40CAB770F}.Debug|x86.Build.0 = Debug|iPhone
		{B2511DC1-F8BE-4443-BE8C-C3D40CAB770F}.Debug|x86.Deploy.0 = Debug|iPhone
		{B2511DC1-F8BE-4443-BE8C-C3D40CAB770F}.Release|Any CPU.ActiveCfg = Release|iPhone
		{B2511DC1-F8BE-4443-BE8C-C3D40CAB770F}.Release|Any CPU.Build.0 = Release|iPhone
		{B2511DC1-F8BE-4443-BE8C-C3D40CAB770F}.Release|Any CPU.Deploy.0 = Release|iPhone
		{B2511DC1-F8BE-4443-BE8C-C3D40CAB770F}.Release|ARM.ActiveCfg = Release|iPhone
		{B2511DC1-F8BE-4443-BE8C-C3D40CAB770F}.Release|ARM.Build.0 = Release|iPhone
		{B2511DC1-F8BE-4443-BE8C-C3D40CAB770F}.Release|ARM.Deploy.0 = Release|iPhone
		{B2511DC1-F8BE-4443-BE8C-C3D40CAB770F}.Release|iPhone.ActiveCfg = Release|iPhone
		{B2511DC1-F8BE-4443-BE8C-C3D40CAB770F}.Release|iPhone.Build.0 = Release|iPhone
		{B2511DC1-F8BE-4443-BE8C-C3D40CAB770F}.Release|iPhone.Deploy.0 = Release|iPhone
		{B2511DC1-F8BE-4443-BE8C-C3D40CAB770F}.Release|iPhoneSimulator.ActiveCfg = Release|iPhoneSimulator
		{B2511DC1-F8BE-4443-BE8C-C3D40CAB770F}.Release|iPhoneSimulator.Build.0 = Release|iPhoneSimulator
		{B2511DC1-F8BE-4443-BE8C-C3D40CAB770F}.Release|iPhoneSimulator.Deploy.0 = Release|iPhoneSimulator
		{B2511DC1-F8BE-4443-BE8C-C3D40CAB770F}.Release|x64.ActiveCfg = Release|iPhone
		{B2511DC1-F8BE-4443-BE8C-C3D40CAB770F}.Release|x64.Build.0 = Release|iPhone
		{B2511DC1-F8BE-4443-BE8C-C3D40CAB770F}.Release|x64.Deploy.0 = Release|iPhone
		{B2511DC1-F8BE-4443-BE8C-C3D40CAB770F}.Release|x86.ActiveCfg = Release|iPhone
		{B2511DC1-F8BE-4443-BE8C-C3D40CAB770F}.Release|x86.Build.0 = Release|iPhone
		{B2511DC1-F8BE-4443-BE8C-C3D40CAB770F}.Release|x86.Deploy.0 = Release|iPhone
		{DBE4DBD0-869C-428C-A539-154DCD1A3B0B}.Debug|Any CPU.ActiveCfg = Debug|Any CPU
		{DBE4DBD0-869C-428C-A539-154DCD1A3B0B}.Debug|Any CPU.Build.0 = Debug|Any CPU
		{DBE4DBD0-869C-428C-A539-154DCD1A3B0B}.Debug|Any CPU.Deploy.0 = Debug|Any CPU
		{DBE4DBD0-869C-428C-A539-154DCD1A3B0B}.Debug|ARM.ActiveCfg = Debug|Any CPU
		{DBE4DBD0-869C-428C-A539-154DCD1A3B0B}.Debug|ARM.Build.0 = Debug|Any CPU
		{DBE4DBD0-869C-428C-A539-154DCD1A3B0B}.Debug|ARM.Deploy.0 = Debug|Any CPU
		{DBE4DBD0-869C-428C-A539-154DCD1A3B0B}.Debug|iPhone.ActiveCfg = Debug|Any CPU
		{DBE4DBD0-869C-428C-A539-154DCD1A3B0B}.Debug|iPhone.Build.0 = Debug|Any CPU
		{DBE4DBD0-869C-428C-A539-154DCD1A3B0B}.Debug|iPhone.Deploy.0 = Debug|Any CPU
		{DBE4DBD0-869C-428C-A539-154DCD1A3B0B}.Debug|iPhoneSimulator.ActiveCfg = Debug|Any CPU
		{DBE4DBD0-869C-428C-A539-154DCD1A3B0B}.Debug|iPhoneSimulator.Build.0 = Debug|Any CPU
		{DBE4DBD0-869C-428C-A539-154DCD1A3B0B}.Debug|iPhoneSimulator.Deploy.0 = Debug|Any CPU
		{DBE4DBD0-869C-428C-A539-154DCD1A3B0B}.Debug|x64.ActiveCfg = Debug|Any CPU
		{DBE4DBD0-869C-428C-A539-154DCD1A3B0B}.Debug|x64.Build.0 = Debug|Any CPU
		{DBE4DBD0-869C-428C-A539-154DCD1A3B0B}.Debug|x64.Deploy.0 = Debug|Any CPU
		{DBE4DBD0-869C-428C-A539-154DCD1A3B0B}.Debug|x86.ActiveCfg = Debug|Any CPU
		{DBE4DBD0-869C-428C-A539-154DCD1A3B0B}.Debug|x86.Build.0 = Debug|Any CPU
		{DBE4DBD0-869C-428C-A539-154DCD1A3B0B}.Debug|x86.Deploy.0 = Debug|Any CPU
		{DBE4DBD0-869C-428C-A539-154DCD1A3B0B}.Release|Any CPU.ActiveCfg = Release|Any CPU
		{DBE4DBD0-869C-428C-A539-154DCD1A3B0B}.Release|Any CPU.Build.0 = Release|Any CPU
		{DBE4DBD0-869C-428C-A539-154DCD1A3B0B}.Release|Any CPU.Deploy.0 = Release|Any CPU
		{DBE4DBD0-869C-428C-A539-154DCD1A3B0B}.Release|ARM.ActiveCfg = Release|Any CPU
		{DBE4DBD0-869C-428C-A539-154DCD1A3B0B}.Release|ARM.Build.0 = Release|Any CPU
		{DBE4DBD0-869C-428C-A539-154DCD1A3B0B}.Release|ARM.Deploy.0 = Release|Any CPU
		{DBE4DBD0-869C-428C-A539-154DCD1A3B0B}.Release|iPhone.ActiveCfg = Release|Any CPU
		{DBE4DBD0-869C-428C-A539-154DCD1A3B0B}.Release|iPhone.Build.0 = Release|Any CPU
		{DBE4DBD0-869C-428C-A539-154DCD1A3B0B}.Release|iPhone.Deploy.0 = Release|Any CPU
		{DBE4DBD0-869C-428C-A539-154DCD1A3B0B}.Release|iPhoneSimulator.ActiveCfg = Release|Any CPU
		{DBE4DBD0-869C-428C-A539-154DCD1A3B0B}.Release|iPhoneSimulator.Build.0 = Release|Any CPU
		{DBE4DBD0-869C-428C-A539-154DCD1A3B0B}.Release|iPhoneSimulator.Deploy.0 = Release|Any CPU
		{DBE4DBD0-869C-428C-A539-154DCD1A3B0B}.Release|x64.ActiveCfg = Release|Any CPU
		{DBE4DBD0-869C-428C-A539-154DCD1A3B0B}.Release|x64.Build.0 = Release|Any CPU
		{DBE4DBD0-869C-428C-A539-154DCD1A3B0B}.Release|x64.Deploy.0 = Release|Any CPU
		{DBE4DBD0-869C-428C-A539-154DCD1A3B0B}.Release|x86.ActiveCfg = Release|Any CPU
		{DBE4DBD0-869C-428C-A539-154DCD1A3B0B}.Release|x86.Build.0 = Release|Any CPU
		{DBE4DBD0-869C-428C-A539-154DCD1A3B0B}.Release|x86.Deploy.0 = Release|Any CPU
	EndGlobalSection
	GlobalSection(SolutionProperties) = preSolution
		HideSolutionNode = FALSE
	EndGlobalSection
	GlobalSection(ExtensibilityGlobals) = postSolution
		SolutionGuid = {4AA8F8CA-BC3B-4EF8-BD1C-BBEAC71982DE}
	EndGlobalSection
EndGlobal
